
Microsoft Visual Studio Solution File, Format Version 12.00
# Visual Studio Version 16
VisualStudioVersion = 16.0.32228.343
MinimumVisualStudioVersion = 10.0.40219.1
Project("{FAE04EC0-301F-11D3-BF4B-00C04F79EFBC}") = "Lambda", "Lambda\Lambda.csproj", "{212D8450-9556-441B-9EE7-6C80DFE426F3}"
EndProject
Global
	GlobalSection(SolutionConfigurationPlatforms) = preSolution
		Debug|Any CPU = Debug|Any CPU
		Release|Any CPU = Release|Any CPU
	EndGlobalSection
	GlobalSection(ProjectConfigurationPlatforms) = postSolution
		{212D8450-9556-441B-9EE7-6C80DFE426F3}.Debug|Any CPU.ActiveCfg = Debug|Any CPU
		{212D8450-9556-441B-9EE7-6C80DFE426F3}.Debug|Any CPU.Build.0 = Debug|Any CPU
		{212D8450-9556-441B-9EE7-6C80DFE426F3}.Release|Any CPU.ActiveCfg = Release|Any CPU
		{212D8450-9556-441B-9EE7-6C80DFE426F3}.Release|Any CPU.Build.0 = Release|Any CPU
	EndGlobalSection
	GlobalSection(SolutionProperties) = preSolution
		HideSolutionNode = FALSE
	EndGlobalSection
	GlobalSection(ExtensibilityGlobals) = postSolution
		SolutionGuid = {A6E1C9D7-4929-4556-8CA5-1955ED6FBC2D}
	EndGlobalSection
EndGlobal
